
Microsoft Visual Studio Solution File, Format Version 12.00
# Visual Studio 15
VisualStudioVersion = 15.0.28307.2092
MinimumVisualStudioVersion = 10.0.40219.1
Project("{FAE04EC0-301F-11D3-BF4B-00C04F79EFBC}") = "sysbizzdemo", "sysbizzdemo\sysbizzdemo.csproj", "{D876215E-402A-4450-86F8-9ADC39D96743}"
EndProject
Global
	GlobalSection(SolutionConfigurationPlatforms) = preSolution
		Debug|Any CPU = Debug|Any CPU
		Release|Any CPU = Release|Any CPU
	EndGlobalSection
	GlobalSection(ProjectConfigurationPlatforms) = postSolution
		{D876215E-402A-4450-86F8-9ADC39D96743}.Debug|Any CPU.ActiveCfg = Debug|Any CPU
		{D876215E-402A-4450-86F8-9ADC39D96743}.Debug|Any CPU.Build.0 = Debug|Any CPU
		{D876215E-402A-4450-86F8-9ADC39D96743}.Release|Any CPU.ActiveCfg = Release|Any CPU
		{D876215E-402A-4450-86F8-9ADC39D96743}.Release|Any CPU.Build.0 = Release|Any CPU
	EndGlobalSection
	GlobalSection(SolutionProperties) = preSolution
		HideSolutionNode = FALSE
	EndGlobalSection
	GlobalSection(ExtensibilityGlobals) = postSolution
		SolutionGuid = {1DC54E6B-F716-4D70-B87A-34E402A76A82}
	EndGlobalSection
EndGlobal
